{
  "name": "scripts",
  "version": "1.0.0",
  "lockfileVersion": 2,
  "requires": true,
  "packages": {
    "": {
      "name": "scripts",
      "version": "1.0.0",
      "license": "ISC",
      "dependencies": {
        "dotenv": "^16.5.0",
        "file-type": "^19.6.0",
        "fluent-ffmpeg": "^2.1.3",
        "openai": "^5.0.1",
        "zod": "^3.25.42"
      },
      "devDependencies": {
        "@types/fluent-ffmpeg": "^2.1.27",
        "@types/node": "^22.15.30",
        "typescript": "^5.8.3"
      }
    },
    "node_modules/@borewit/text-codec": {
      "version": "0.1.1",
      "resolved": "https://registry.npmjs.org/@borewit/text-codec/-/text-codec-0.1.1.tgz",
      "integrity": "sha512-5L/uBxmjaCIX5h8Z+uu+kA9BQLkc/Wl06UGR5ajNRxu+/XjonB5i8JpgFMrPj3LXTCPA0pv8yxUvbUi+QthGGA==",
      "license": "MIT",
      "funding": {
        "type": "github",
        "url": "https://github.com/sponsors/Borewit"
      }
    },
    "node_modules/@sec-ant/readable-stream": {
      "version": "0.4.1",
      "resolved": "https://registry.npmjs.org/@sec-ant/readable-stream/-/readable-stream-0.4.1.tgz",
      "integrity": "sha512-831qok9r2t8AlxLko40y2ebgSDhenenCatLVeW/uBtnHPyhHOvG0C7TvfgecV+wHzIm5KUICgzmVpWS+IMEAeg==",
      "license": "MIT"
    },
    "node_modules/@tokenizer/token": {
      "version": "0.3.0",
      "resolved": "https://registry.npmjs.org/@tokenizer/token/-/token-0.3.0.tgz",
      "integrity": "sha512-OvjF+z51L3ov0OyAU0duzsYuvO01PH7x4t6DJx+guahgTnBHkhJdG7soQeTSFLWN3efnHyibZ4Z8l2EuWwJN3A==",
      "license": "MIT"
    },
    "node_modules/@types/fluent-ffmpeg": {
      "version": "2.1.27",
      "resolved": "https://registry.npmjs.org/@types/fluent-ffmpeg/-/fluent-ffmpeg-2.1.27.tgz",
      "integrity": "sha512-QiDWjihpUhriISNoBi2hJBRUUmoj/BMTYcfz+F+ZM9hHWBYABFAE6hjP/TbCZC0GWwlpa3FzvHH9RzFeRusZ7A==",
      "dev": true,
      "license": "MIT",
      "dependencies": {
        "@types/node": "*"
      }
    },
    "node_modules/@types/node": {
      "version": "22.18.10",
      "resolved": "https://registry.npmjs.org/@types/node/-/node-22.18.10.tgz",
      "integrity": "sha512-anNG/V/Efn/YZY4pRzbACnKxNKoBng2VTFydVu8RRs5hQjikP8CQfaeAV59VFSCzKNp90mXiVXW2QzV56rwMrg==",
      "dev": true,
      "license": "MIT",
      "dependencies": {
        "undici-types": "~6.21.0"
      }
    },
    "node_modules/async": {
      "version": "0.2.10",
      "resolved": "https://registry.npmjs.org/async/-/async-0.2.10.tgz",
      "integrity": "sha512-eAkdoKxU6/LkKDBzLpT+t6Ff5EtfSF4wx1WfJiPEEV7WNLnDaRXk0oVysiEPm262roaachGexwUv94WhSgN5TQ=="
    },
    "node_modules/dotenv": {
      "version": "16.6.1",
      "resolved": "https://registry.npmjs.org/dotenv/-/dotenv-16.6.1.tgz",
      "integrity": "sha512-uBq4egWHTcTt33a72vpSG0z3HnPuIl6NqYcTrKEg2azoEyl2hpW0zqlxysq2pK9HlDIHyHyakeYaYnSAwd8bow==",
      "license": "BSD-2-Clause",
      "engines": {
        "node": ">=12"
      },
      "funding": {
        "url": "https://dotenvx.com"
      }
    },
    "node_modules/file-type": {
      "version": "19.6.0",
      "resolved": "https://registry.npmjs.org/file-type/-/file-type-19.6.0.tgz",
      "integrity": "sha512-VZR5I7k5wkD0HgFnMsq5hOsSc710MJMu5Nc5QYsbe38NN5iPV/XTObYLc/cpttRTf6lX538+5uO1ZQRhYibiZQ==",
      "license": "MIT",
      "dependencies": {
        "get-stream": "^9.0.1",
        "strtok3": "^9.0.1",
        "token-types": "^6.0.0",
        "uint8array-extras": "^1.3.0"
      },
      "engines": {
        "node": ">=18"
      },
      "funding": {
        "url": "https://github.com/sindresorhus/file-type?sponsor=1"
      }
    },
    "node_modules/fluent-ffmpeg": {
      "version": "2.1.3",
      "resolved": "https://registry.npmjs.org/fluent-ffmpeg/-/fluent-ffmpeg-2.1.3.tgz",
      "integrity": "sha512-Be3narBNt2s6bsaqP6Jzq91heDgOEaDCJAXcE3qcma/EJBSy5FB4cvO31XBInuAuKBx8Kptf8dkhjK0IOru39Q==",
      "deprecated": "Package no longer supported. Contact Support at https://www.npmjs.com/support for more info.",
      "license": "MIT",
      "dependencies": {
        "async": "^0.2.9",
        "which": "^1.1.1"
      },
      "engines": {
        "node": ">=18"
      }
    },
    "node_modules/get-stream": {
      "version": "9.0.1",
      "resolved": "https://registry.npmjs.org/get-stream/-/get-stream-9.0.1.tgz",
      "integrity": "sha512-kVCxPF3vQM/N0B1PmoqVUqgHP+EeVjmZSQn+1oCRPxd2P21P2F19lIgbR3HBosbB1PUhOAoctJnfEn2GbN2eZA==",
      "license": "MIT",
      "dependencies": {
        "@sec-ant/readable-stream": "^0.4.1",
        "is-stream": "^4.0.1"
      },
      "engines": {
        "node": ">=18"
      },
      "funding": {
        "url": "https://github.com/sponsors/sindresorhus"
      }
    },
    "node_modules/ieee754": {
      "version": "1.2.1",
      "resolved": "https://registry.npmjs.org/ieee754/-/ieee754-1.2.1.tgz",
      "integrity": "sha512-dcyqhDvX1C46lXZcVqCpK+FtMRQVdIMN6/Df5js2zouUsqG7I6sFxitIC+7KYK29KdXOLHdu9zL4sFnoVQnqaA==",
      "funding": [
        {
          "type": "github",
          "url": "https://github.com/sponsors/feross"
        },
        {
          "type": "patreon",
          "url": "https://www.patreon.com/feross"
        },
        {
          "type": "consulting",
          "url": "https://feross.org/support"
        }
      ],
      "license": "BSD-3-Clause"
    },
    "node_modules/is-stream": {
      "version": "4.0.1",
      "resolved": "https://registry.npmjs.org/is-stream/-/is-stream-4.0.1.tgz",
      "integrity": "sha512-Dnz92NInDqYckGEUJv689RbRiTSEHCQ7wOVeALbkOz999YpqT46yMRIGtSNl2iCL1waAZSx40+h59NV/EwzV/A==",
      "license": "MIT",
      "engines": {
        "node": ">=18"
      },
      "funding": {
        "url": "https://github.com/sponsors/sindresorhus"
      }
    },
    "node_modules/isexe": {
      "version": "2.0.0",
      "resolved": "https://registry.npmjs.org/isexe/-/isexe-2.0.0.tgz",
      "integrity": "sha512-RHxMLp9lnKHGHRng9QFhRCMbYAcVpn69smSGcq3f36xjgVVWThj4qqLbTLlq7Ssj8B+fIQ1EuCEGI2lKsyQeIw==",
      "license": "ISC"
    },
    "node_modules/openai": {
      "version": "5.23.2",
      "resolved": "https://registry.npmjs.org/openai/-/openai-5.23.2.tgz",
      "integrity": "sha512-MQBzmTulj+MM5O8SKEk/gL8a7s5mktS9zUtAkU257WjvobGc9nKcBuVwjyEEcb9SI8a8Y2G/mzn3vm9n1Jlleg==",
      "license": "Apache-2.0",
      "bin": {
        "openai": "bin/cli"
      },
      "peerDependencies": {
        "ws": "^8.18.0",
        "zod": "^3.23.8"
      },
      "peerDependenciesMeta": {
        "ws": {
          "optional": true
        },
        "zod": {
          "optional": true
        }
      }
    },
    "node_modules/peek-readable": {
      "version": "5.4.2",
      "resolved": "https://registry.npmjs.org/peek-readable/-/peek-readable-5.4.2.tgz",
      "integrity": "sha512-peBp3qZyuS6cNIJ2akRNG1uo1WJ1d0wTxg/fxMdZ0BqCVhx242bSFHM9eNqflfJVS9SsgkzgT/1UgnsurBOTMg==",
      "license": "MIT",
      "engines": {
        "node": ">=14.16"
      },
      "funding": {
        "type": "github",
        "url": "https://github.com/sponsors/Borewit"
      }
    },
    "node_modules/strtok3": {
      "version": "9.1.1",
      "resolved": "https://registry.npmjs.org/strtok3/-/strtok3-9.1.1.tgz",
      "integrity": "sha512-FhwotcEqjr241ZbjFzjlIYg6c5/L/s4yBGWSMvJ9UoExiSqL+FnFA/CaeZx17WGaZMS/4SOZp8wH18jSS4R4lw==",
      "license": "MIT",
      "dependencies": {
        "@tokenizer/token": "^0.3.0",
        "peek-readable": "^5.3.1"
      },
      "engines": {
        "node": ">=16"
      },
      "funding": {
        "type": "github",
        "url": "https://github.com/sponsors/Borewit"
      }
    },
    "node_modules/token-types": {
      "version": "6.1.1",
      "resolved": "https://registry.npmjs.org/token-types/-/token-types-6.1.1.tgz",
      "integrity": "sha512-kh9LVIWH5CnL63Ipf0jhlBIy0UsrMj/NJDfpsy1SqOXlLKEVyXXYrnFxFT1yOOYVGBSApeVnjPw/sBz5BfEjAQ==",
      "license": "MIT",
      "dependencies": {
        "@borewit/text-codec": "^0.1.0",
        "@tokenizer/token": "^0.3.0",
        "ieee754": "^1.2.1"
      },
      "engines": {
        "node": ">=14.16"
      },
      "funding": {
        "type": "github",
        "url": "https://github.com/sponsors/Borewit"
      }
    },
    "node_modules/typescript": {
      "version": "5.9.3",
      "resolved": "https://registry.npmjs.org/typescript/-/typescript-5.9.3.tgz",
      "integrity": "sha512-jl1vZzPDinLr9eUt3J/t7V6FgNEw9QjvBPdysz9KfQDD41fQrC2Y4vKQdiaUpFT4bXlb1RHhLpp8wtm6M5TgSw==",
      "dev": true,
      "license": "Apache-2.0",
      "bin": {
        "tsc": "bin/tsc",
        "tsserver": "bin/tsserver"
      },
      "engines": {
        "node": ">=14.17"
      }
    },
    "node_modules/uint8array-extras": {
      "version": "1.5.0",
      "resolved": "https://registry.npmjs.org/uint8array-extras/-/uint8array-extras-1.5.0.tgz",
      "integrity": "sha512-rvKSBiC5zqCCiDZ9kAOszZcDvdAHwwIKJG33Ykj43OKcWsnmcBRL09YTU4nOeHZ8Y2a7l1MgTd08SBe9A8Qj6A==",
      "license": "MIT",
      "engines": {
        "node": ">=18"
      },
      "funding": {
        "url": "https://github.com/sponsors/sindresorhus"
      }
    },
    "node_modules/undici-types": {
      "version": "6.21.0",
      "resolved": "https://registry.npmjs.org/undici-types/-/undici-types-6.21.0.tgz",
      "integrity": "sha512-iwDZqg0QAGrg9Rav5H4n0M64c3mkR59cJ6wQp+7C4nI0gsmExaedaYLNO44eT4AtBBwjbTiGPMlt2Md0T9H9JQ==",
      "dev": true,
      "license": "MIT"
    },
    "node_modules/which": {
      "version": "1.3.1",
      "resolved": "https://registry.npmjs.org/which/-/which-1.3.1.tgz",
      "integrity": "sha512-HxJdYWq1MTIQbJ3nw0cqssHoTNU267KlrDuGZ1WYlxDStUtKUhOaJmh112/TZmHxxUfuJqPXSOm7tDyas0OSIQ==",
      "license": "ISC",
      "dependencies": {
        "isexe": "^2.0.0"
      },
      "bin": {
        "which": "bin/which"
      }
    },
    "node_modules/zod": {
      "version": "3.25.76",
      "resolved": "https://registry.npmjs.org/zod/-/zod-3.25.76.tgz",
      "integrity": "sha512-gzUt/qt81nXsFGKIFcC3YnfEAx5NkunCfnDlvuBSSFS02bcXu4Lmea0AFIUwbLWxWPx3d9p8S5QoaujKcNQxcQ==",
      "license": "MIT",
      "funding": {
        "url": "https://github.com/sponsors/colinhacks"
      }
    }
  },
  "dependencies": {
    "@borewit/text-codec": {
      "version": "0.1.1",
      "resolved": "https://registry.npmjs.org/@borewit/text-codec/-/text-codec-0.1.1.tgz",
      "integrity": "sha512-5L/uBxmjaCIX5h8Z+uu+kA9BQLkc/Wl06UGR5ajNRxu+/XjonB5i8JpgFMrPj3LXTCPA0pv8yxUvbUi+QthGGA=="
    },
    "@sec-ant/readable-stream": {
      "version": "0.4.1",
      "resolved": "https://registry.npmjs.org/@sec-ant/readable-stream/-/readable-stream-0.4.1.tgz",
      "integrity": "sha512-831qok9r2t8AlxLko40y2ebgSDhenenCatLVeW/uBtnHPyhHOvG0C7TvfgecV+wHzIm5KUICgzmVpWS+IMEAeg=="
    },
    "@tokenizer/token": {
      "version": "0.3.0",
      "resolved": "https://registry.npmjs.org/@tokenizer/token/-/token-0.3.0.tgz",
      "integrity": "sha512-OvjF+z51L3ov0OyAU0duzsYuvO01PH7x4t6DJx+guahgTnBHkhJdG7soQeTSFLWN3efnHyibZ4Z8l2EuWwJN3A=="
    },
    "@types/fluent-ffmpeg": {
      "version": "2.1.27",
      "resolved": "https://registry.npmjs.org/@types/fluent-ffmpeg/-/fluent-ffmpeg-2.1.27.tgz",
      "integrity": "sha512-QiDWjihpUhriISNoBi2hJBRUUmoj/BMTYcfz+F+ZM9hHWBYABFAE6hjP/TbCZC0GWwlpa3FzvHH9RzFeRusZ7A==",
      "dev": true,
      "requires": {
        "@types/node": "*"
      }
    },
    "@types/node": {
      "version": "22.18.10",
      "resolved": "https://registry.npmjs.org/@types/node/-/node-22.18.10.tgz",
      "integrity": "sha512-anNG/V/Efn/YZY4pRzbACnKxNKoBng2VTFydVu8RRs5hQjikP8CQfaeAV59VFSCzKNp90mXiVXW2QzV56rwMrg==",
      "dev": true,
      "requires": {
        "undici-types": "~6.21.0"
      }
    },
    "async": {
      "version": "0.2.10",
      "resolved": "https://registry.npmjs.org/async/-/async-0.2.10.tgz",
      "integrity": "sha512-eAkdoKxU6/LkKDBzLpT+t6Ff5EtfSF4wx1WfJiPEEV7WNLnDaRXk0oVysiEPm262roaachGexwUv94WhSgN5TQ=="
    },
    "dotenv": {
      "version": "16.6.1",
      "resolved": "https://registry.npmjs.org/dotenv/-/dotenv-16.6.1.tgz",
      "integrity": "sha512-uBq4egWHTcTt33a72vpSG0z3HnPuIl6NqYcTrKEg2azoEyl2hpW0zqlxysq2pK9HlDIHyHyakeYaYnSAwd8bow=="
    },
    "file-type": {
      "version": "19.6.0",
      "resolved": "https://registry.npmjs.org/file-type/-/file-type-19.6.0.tgz",
      "integrity": "sha512-VZR5I7k5wkD0HgFnMsq5hOsSc710MJMu5Nc5QYsbe38NN5iPV/XTObYLc/cpttRTf6lX538+5uO1ZQRhYibiZQ==",
      "requires": {
        "get-stream": "^9.0.1",
        "strtok3": "^9.0.1",
        "token-types": "^6.0.0",
        "uint8array-extras": "^1.3.0"
      }
    },
    "fluent-ffmpeg": {
      "version": "2.1.3",
      "resolved": "https://registry.npmjs.org/fluent-ffmpeg/-/fluent-ffmpeg-2.1.3.tgz",
      "integrity": "sha512-Be3narBNt2s6bsaqP6Jzq91heDgOEaDCJAXcE3qcma/EJBSy5FB4cvO31XBInuAuKBx8Kptf8dkhjK0IOru39Q==",
      "requires": {
        "async": "^0.2.9",
        "which": "^1.1.1"
      }
    },
    "get-stream": {
      "version": "9.0.1",
      "resolved": "https://registry.npmjs.org/get-stream/-/get-stream-9.0.1.tgz",
      "integrity": "sha512-kVCxPF3vQM/N0B1PmoqVUqgHP+EeVjmZSQn+1oCRPxd2P21P2F19lIgbR3HBosbB1PUhOAoctJnfEn2GbN2eZA==",
      "requires": {
        "@sec-ant/readable-stream": "^0.4.1",
        "is-stream": "^4.0.1"
      }
    },
    "ieee754": {
      "version": "1.2.1",
      "resolved": "https://registry.npmjs.org/ieee754/-/ieee754-1.2.1.tgz",
      "integrity": "sha512-dcyqhDvX1C46lXZcVqCpK+FtMRQVdIMN6/Df5js2zouUsqG7I6sFxitIC+7KYK29KdXOLHdu9zL4sFnoVQnqaA=="
    },
    "is-stream": {
      "version": "4.0.1",
      "resolved": "https://registry.npmjs.org/is-stream/-/is-stream-4.0.1.tgz",
      "integrity": "sha512-Dnz92NInDqYckGEUJv689RbRiTSEHCQ7wOVeALbkOz999YpqT46yMRIGtSNl2iCL1waAZSx40+h59NV/EwzV/A=="
    },
    "isexe": {
      "version": "2.0.0",
      "resolved": "https://registry.npmjs.org/isexe/-/isexe-2.0.0.tgz",
      "integrity": "sha512-RHxMLp9lnKHGHRng9QFhRCMbYAcVpn69smSGcq3f36xjgVVWThj4qqLbTLlq7Ssj8B+fIQ1EuCEGI2lKsyQeIw=="
    },
    "openai": {
      "version": "5.23.2",
      "resolved": "https://registry.npmjs.org/openai/-/openai-5.23.2.tgz",
      "integrity": "sha512-MQBzmTulj+MM5O8SKEk/gL8a7s5mktS9zUtAkU257WjvobGc9nKcBuVwjyEEcb9SI8a8Y2G/mzn3vm9n1Jlleg==",
      "requires": {}
    },
    "peek-readable": {
      "version": "5.4.2",
      "resolved": "https://registry.npmjs.org/peek-readable/-/peek-readable-5.4.2.tgz",
      "integrity": "sha512-peBp3qZyuS6cNIJ2akRNG1uo1WJ1d0wTxg/fxMdZ0BqCVhx242bSFHM9eNqflfJVS9SsgkzgT/1UgnsurBOTMg=="
    },
    "strtok3": {
      "version": "9.1.1",
      "resolved": "https://registry.npmjs.org/strtok3/-/strtok3-9.1.1.tgz",
      "integrity": "sha512-FhwotcEqjr241ZbjFzjlIYg6c5/L/s4yBGWSMvJ9UoExiSqL+FnFA/CaeZx17WGaZMS/4SOZp8wH18jSS4R4lw==",
      "requires": {
        "@tokenizer/token": "^0.3.0",
        "peek-readable": "^5.3.1"
      }
    },
    "token-types": {
      "version": "6.1.1",
      "resolved": "https://registry.npmjs.org/token-types/-/token-types-6.1.1.tgz",
      "integrity": "sha512-kh9LVIWH5CnL63Ipf0jhlBIy0UsrMj/NJDfpsy1SqOXlLKEVyXXYrnFxFT1yOOYVGBSApeVnjPw/sBz5BfEjAQ==",
      "requires": {
        "@borewit/text-codec": "^0.1.0",
        "@tokenizer/token": "^0.3.0",
        "ieee754": "^1.2.1"
      }
    },
    "typescript": {
      "version": "5.9.3",
      "resolved": "https://registry.npmjs.org/typescript/-/typescript-5.9.3.tgz",
      "integrity": "sha512-jl1vZzPDinLr9eUt3J/t7V6FgNEw9QjvBPdysz9KfQDD41fQrC2Y4vKQdiaUpFT4bXlb1RHhLpp8wtm6M5TgSw==",
      "dev": true
    },
    "uint8array-extras": {
      "version": "1.5.0",
      "resolved": "https://registry.npmjs.org/uint8array-extras/-/uint8array-extras-1.5.0.tgz",
      "integrity": "sha512-rvKSBiC5zqCCiDZ9kAOszZcDvdAHwwIKJG33Ykj43OKcWsnmcBRL09YTU4nOeHZ8Y2a7l1MgTd08SBe9A8Qj6A=="
    },
    "undici-types": {
      "version": "6.21.0",
      "resolved": "https://registry.npmjs.org/undici-types/-/undici-types-6.21.0.tgz",
      "integrity": "sha512-iwDZqg0QAGrg9Rav5H4n0M64c3mkR59cJ6wQp+7C4nI0gsmExaedaYLNO44eT4AtBBwjbTiGPMlt2Md0T9H9JQ==",
      "dev": true
    },
    "which": {
      "version": "1.3.1",
      "resolved": "https://registry.npmjs.org/which/-/which-1.3.1.tgz",
      "integrity": "sha512-HxJdYWq1MTIQbJ3nw0cqssHoTNU267KlrDuGZ1WYlxDStUtKUhOaJmh112/TZmHxxUfuJqPXSOm7tDyas0OSIQ==",
      "requires": {
        "isexe": "^2.0.0"
      }
    },
    "zod": {
      "version": "3.25.76",
      "resolved": "https://registry.npmjs.org/zod/-/zod-3.25.76.tgz",
      "integrity": "sha512-gzUt/qt81nXsFGKIFcC3YnfEAx5NkunCfnDlvuBSSFS02bcXu4Lmea0AFIUwbLWxWPx3d9p8S5QoaujKcNQxcQ=="
    }
  }
}
